
Microsoft Visual Studio Solution File, Format Version 12.00
# Visual Studio Version 17
VisualStudioVersion = 17.2.32616.157
MinimumVisualStudioVersion = 10.0.40219.1
Project("{FAE04EC0-301F-11D3-BF4B-00C04F79EFBC}") = "Tweens", "Tweener\Tweens.csproj", "{2DE22B6C-8586-47ED-9D1A-0F9A41964CAF}"
EndProject
Global
	GlobalSection(SolutionConfigurationPlatforms) = preSolution
		Debug|Any CPU = Debug|Any CPU
		Release|Any CPU = Release|Any CPU
	EndGlobalSection
	GlobalSection(ProjectConfigurationPlatforms) = postSolution
		{2DE22B6C-8586-47ED-9D1A-0F9A41964CAF}.Debug|Any CPU.ActiveCfg = Debug|Any CPU
		{2DE22B6C-8586-47ED-9D1A-0F9A41964CAF}.Debug|Any CPU.Build.0 = Debug|Any CPU
		{2DE22B6C-8586-47ED-9D1A-0F9A41964CAF}.Release|Any CPU.ActiveCfg = Release|Any CPU
		{2DE22B6C-8586-47ED-9D1A-0F9A41964CAF}.Release|Any CPU.Build.0 = Release|Any CPU
	EndGlobalSection
	GlobalSection(SolutionProperties) = preSolution
		HideSolutionNode = FALSE
	EndGlobalSection
	GlobalSection(ExtensibilityGlobals) = postSolution
		SolutionGuid = {817D41F4-DF8E-4867-B1A9-02A37B4871E2}
	EndGlobalSection
EndGlobal
